<?xml version="1.0" encoding="utf-8"?>
<Project ToolsVersion="4.0" xmlns="http://schemas.microsoft.com/developer/msbuild/2003">
  <ItemGroup>
    <Filter Include="Source Files">
      <UniqueIdentifier>{4FC737F1-C7A5-4376-A066-2A32D752A2FF}</UniqueIdentifier>
      <Extensions>cpp;c;cc;cxx;c++;cppm;ixx;def;odl;idl;hpj;bat;asm;asmx</Extensions>
    </Filter>
    <Filter Include="Header Files">
      <UniqueIdentifier>{93995380-89BD-4b04-88EB-625FBE52EBFB}</UniqueIdentifier>
      <Extensions>h;hh;hpp;hxx;h++;hm;inl;inc;ipp;xsd</Extensions>
    </Filter>
    <Filter Include="Resource Files">
      <UniqueIdentifier>{67DA6AB6-F800-4c08-8B7A-83BB121AAD01}</UniqueIdentifier>
      <Extensions>rc;ico;cur;bmp;dlg;rc2;rct;bin;rgs;gif;jpg;jpeg;jpe;resx;tiff;tif;png;wav;mfcribbon-ms</Extensions>
    </Filter>
  </ItemGroup>
  <ItemGroup>
    <ClCompile Include="Cpp\ClassCreator.cpp">
      <Filter>Source Files</Filter>
    </ClCompile>
    <ClCompile Include="Cpp\CompileAll.cpp">
      <Filter>Source Files</Filter>
    </ClCompile>
    <ClCompile Include="Cpp\FungtionCreator.cpp">
      <Filter>Source Files</Filter>
    </ClCompile>
    <ClCompile Include="Cpp\HTMLCreator.cpp">
      <Filter>Source Files</Filter>
    </ClCompile>
    <ClCompile Include="Cpp\MainCreator.cpp">
      <Filter>Source Files</Filter>
    </ClCompile>
    <ClCompile Include="Cpp\LibraryAndProjectPageCreator.cpp">
      <Filter>Source Files</Filter>
    </ClCompile>
  </ItemGroup>
  <ItemGroup>
    <ClInclude Include="Cpp\HTMLCreator.hpp">
      <Filter>Header Files</Filter>
    </ClInclude>
    <ClInclude Include="Cpp\ClassCreator.hpp">
      <Filter>Header Files</Filter>
    </ClInclude>
    <ClInclude Include="Cpp\FungtionCreator.hpp">
      <Filter>Header Files</Filter>
    </ClInclude>
    <ClInclude Include="Cpp\LibraryAndProjectPageCreator.hpp">
      <Filter>Header Files</Filter>
    </ClInclude>
    <ClInclude Include="Cpp\MainCreator.hpp">
      <Filter>Header Files</Filter>
    </ClInclude>
  </ItemGroup>
  <ItemGroup>
    <None Include="HTML\Database\String\pop.html" />
    <None Include="HTML\Database\database.html" />
  </ItemGroup>
  <ItemGroup>
    <Text Include="TXT\Database\String\constructor.txt" />
  </ItemGroup>
</Project>